
Microsoft Visual Studio Solution File, Format Version 12.00
# Visual Studio 14
VisualStudioVersion = 14.0.25420.1
MinimumVisualStudioVersion = 10.0.40219.1
Project("{FAE04EC0-301F-11D3-BF4B-00C04F79EFBC}") = "Margatsni.Model", "Margatsni.Model\Margatsni.Model.csproj", "{5306162D-0697-4E64-BA0E-1B282A7B09D4}"
EndProject
Project("{FAE04EC0-301F-11D3-BF4B-00C04F79EFBC}") = "Margatsni.DataLayer.Sql", "Margatsni.DataLayer.Sql\Margatsni.DataLayer.Sql.csproj", "{40EE9ACE-9A40-4128-AF9A-1ED0D37C7F2C}"
EndProject
Project("{2150E333-8FDC-42A3-9474-1A3956D46DE8}") = "Tests", "Tests", "{523A36E2-A683-4752-849C-2403A2864307}"
EndProject
Project("{FAE04EC0-301F-11D3-BF4B-00C04F79EFBC}") = "Margatsni.Tests", "Margatsni.Tests\Margatsni.Tests.csproj", "{B6C27522-71CA-4C90-8A6D-EBC5B8506D72}"
EndProject
Project("{FAE04EC0-301F-11D3-BF4B-00C04F79EFBC}") = "Margatsni.WebApi", "Margatsni.WebApi\Margatsni.WebApi.csproj", "{091E0F71-C472-45EB-8D01-8E0250098468}"
EndProject
Project("{FAE04EC0-301F-11D3-BF4B-00C04F79EFBC}") = "Margatsni.Log", "Margatsni.Log\Margatsni.Log.csproj", "{E6F38CDC-6D90-4B7D-8220-32C8A076DB99}"
EndProject
Project("{2150E333-8FDC-42A3-9474-1A3956D46DE8}") = "Backend", "Backend", "{ED5453F1-963D-4D30-ABB1-5B192CEA5746}"
EndProject
Project("{2150E333-8FDC-42A3-9474-1A3956D46DE8}") = "Frontend", "Frontend", "{50DCA8D3-41CC-4EBB-8C35-819B8D91E421}"
EndProject
Project("{2150E333-8FDC-42A3-9474-1A3956D46DE8}") = "Common", "Common", "{4C95E6ED-74BC-49BA-9039-091DB128D530}"
EndProject
Project("{FAE04EC0-301F-11D3-BF4B-00C04F79EFBC}") = "Margatsni.Services", "Margatsni.Services\Margatsni.Services.csproj", "{A4405A4F-B6CF-416F-8C88-1AAFDB5C2258}"
EndProject
Project("{FAE04EC0-301F-11D3-BF4B-00C04F79EFBC}") = "Margatsni.Wpf", "Margatsni.Wpf\Margatsni.Wpf.csproj", "{DB23EEDD-814B-4DF2-A94A-7942C45DECDA}"
EndProject
Global
	GlobalSection(SolutionConfigurationPlatforms) = preSolution
		Debug|Any CPU = Debug|Any CPU
		Release|Any CPU = Release|Any CPU
	EndGlobalSection
	GlobalSection(ProjectConfigurationPlatforms) = postSolution
		{5306162D-0697-4E64-BA0E-1B282A7B09D4}.Debug|Any CPU.ActiveCfg = Debug|Any CPU
		{5306162D-0697-4E64-BA0E-1B282A7B09D4}.Debug|Any CPU.Build.0 = Debug|Any CPU
		{5306162D-0697-4E64-BA0E-1B282A7B09D4}.Release|Any CPU.ActiveCfg = Release|Any CPU
		{5306162D-0697-4E64-BA0E-1B282A7B09D4}.Release|Any CPU.Build.0 = Release|Any CPU
		{40EE9ACE-9A40-4128-AF9A-1ED0D37C7F2C}.Debug|Any CPU.ActiveCfg = Debug|Any CPU
		{40EE9ACE-9A40-4128-AF9A-1ED0D37C7F2C}.Debug|Any CPU.Build.0 = Debug|Any CPU
		{40EE9ACE-9A40-4128-AF9A-1ED0D37C7F2C}.Release|Any CPU.ActiveCfg = Release|Any CPU
		{40EE9ACE-9A40-4128-AF9A-1ED0D37C7F2C}.Release|Any CPU.Build.0 = Release|Any CPU
		{B6C27522-71CA-4C90-8A6D-EBC5B8506D72}.Debug|Any CPU.ActiveCfg = Debug|Any CPU
		{B6C27522-71CA-4C90-8A6D-EBC5B8506D72}.Debug|Any CPU.Build.0 = Debug|Any CPU
		{B6C27522-71CA-4C90-8A6D-EBC5B8506D72}.Release|Any CPU.ActiveCfg = Release|Any CPU
		{B6C27522-71CA-4C90-8A6D-EBC5B8506D72}.Release|Any CPU.Build.0 = Release|Any CPU
		{091E0F71-C472-45EB-8D01-8E0250098468}.Debug|Any CPU.ActiveCfg = Debug|Any CPU
		{091E0F71-C472-45EB-8D01-8E0250098468}.Debug|Any CPU.Build.0 = Debug|Any CPU
		{091E0F71-C472-45EB-8D01-8E0250098468}.Release|Any CPU.ActiveCfg = Release|Any CPU
		{091E0F71-C472-45EB-8D01-8E0250098468}.Release|Any CPU.Build.0 = Release|Any CPU
		{E6F38CDC-6D90-4B7D-8220-32C8A076DB99}.Debug|Any CPU.ActiveCfg = Debug|Any CPU
		{E6F38CDC-6D90-4B7D-8220-32C8A076DB99}.Debug|Any CPU.Build.0 = Debug|Any CPU
		{E6F38CDC-6D90-4B7D-8220-32C8A076DB99}.Release|Any CPU.ActiveCfg = Release|Any CPU
		{E6F38CDC-6D90-4B7D-8220-32C8A076DB99}.Release|Any CPU.Build.0 = Release|Any CPU
		{A4405A4F-B6CF-416F-8C88-1AAFDB5C2258}.Debug|Any CPU.ActiveCfg = Debug|Any CPU
		{A4405A4F-B6CF-416F-8C88-1AAFDB5C2258}.Debug|Any CPU.Build.0 = Debug|Any CPU
		{A4405A4F-B6CF-416F-8C88-1AAFDB5C2258}.Release|Any CPU.ActiveCfg = Release|Any CPU
		{A4405A4F-B6CF-416F-8C88-1AAFDB5C2258}.Release|Any CPU.Build.0 = Release|Any CPU
		{DB23EEDD-814B-4DF2-A94A-7942C45DECDA}.Debug|Any CPU.ActiveCfg = Debug|Any CPU
		{DB23EEDD-814B-4DF2-A94A-7942C45DECDA}.Debug|Any CPU.Build.0 = Debug|Any CPU
		{DB23EEDD-814B-4DF2-A94A-7942C45DECDA}.Release|Any CPU.ActiveCfg = Release|Any CPU
		{DB23EEDD-814B-4DF2-A94A-7942C45DECDA}.Release|Any CPU.Build.0 = Release|Any CPU
	EndGlobalSection
	GlobalSection(SolutionProperties) = preSolution
		HideSolutionNode = FALSE
	EndGlobalSection
	GlobalSection(NestedProjects) = preSolution
		{5306162D-0697-4E64-BA0E-1B282A7B09D4} = {4C95E6ED-74BC-49BA-9039-091DB128D530}
		{40EE9ACE-9A40-4128-AF9A-1ED0D37C7F2C} = {ED5453F1-963D-4D30-ABB1-5B192CEA5746}
		{B6C27522-71CA-4C90-8A6D-EBC5B8506D72} = {523A36E2-A683-4752-849C-2403A2864307}
		{091E0F71-C472-45EB-8D01-8E0250098468} = {ED5453F1-963D-4D30-ABB1-5B192CEA5746}
		{E6F38CDC-6D90-4B7D-8220-32C8A076DB99} = {ED5453F1-963D-4D30-ABB1-5B192CEA5746}
		{A4405A4F-B6CF-416F-8C88-1AAFDB5C2258} = {ED5453F1-963D-4D30-ABB1-5B192CEA5746}
		{DB23EEDD-814B-4DF2-A94A-7942C45DECDA} = {50DCA8D3-41CC-4EBB-8C35-819B8D91E421}
	EndGlobalSection
EndGlobal
